{
  "name": "vue-dashboard",
  "lockfileVersion": 3,
  "requires": true,
  "packages": {
    "": {
      "dependencies": {
        "vue-dashboard-vd": "^2.0.4"
      }
    },
    "node_modules/vue-dashboard-vd": {
      "version": "2.0.4",
      "resolved": "https://registry.npmjs.org/vue-dashboard-vd/-/vue-dashboard-vd-2.0.4.tgz",
      "integrity": "sha512-qtRhlJSHDjyrFtnHy/GKTQbJXEbKBZQP/woYW3baADgwVG4NyEqR7SvZ+i3coa5RC+EIACIkpY6BmAqOqY+TTw==",
      "license": "MIT"
    }
  }
}
